version = 1
revision = 3
requires-python = ">=3.10"

[[package]]
name = "lupaz8"
version = "2.8.0.1"
source = { registry = "https://pypi.org/simple" }
sdist = { url = "https://files.pythonhosted.org/packages/3b/57/9d2858da86450a3f55e696ff69cf74f9692f2c54500ade9d3b5bf6de11bc/lupaz8-2.8.0.1.tar.gz", hash = "sha256:185b508e6c122098fe67ffa9a278f4c5a1a00072124a94b79cce7bc47e7097f1", size = 655908, upload-time = "2026-07-22T06:38:29.434Z" }
wheels = [
    { url = "https://files.pythonhosted.org/packages/90/c8/3fec47d3d5deb18c6c8ce95e70839993276b3134d144c85acd3e9f124c92/lupaz8-2.8.0.1-cp310-abi3-win32.whl", hash = "sha256:51661ca961b925414b1f392f15312779721850f112aaaa4198ef1b1941d96b75", size = 518601, upload-time = "2026-07-22T06:36:36.57Z" },
    { url = "https://files.pythonhosted.org/packages/39/92/a13dafb2d8af0274feb1c64163314a577e12b8028c87c3e4b77e6ebbaa3f/lupaz8-2.8.0.1-cp310-abi3-win_amd64.whl", hash = "sha256:5fe76c30fb00efc55fffa21e75abdc0ae6b34b186a3587250a2929ae3fa03f60", size = 567955, upload-time = "2026-07-22T06:36:38.156Z" },
    { url = "https://files.pythonhosted.org/packages/ee/5a/20fc2169acf6cc4ad050fcd85552896d351ae082cca8ee8448c9e5df14fd/lupaz8-2.8.0.1-cp310-abi3-win_arm64.whl", hash = "sha256:39a922c259ad10bd0d7e6f953a14f491087545dee3af3399176e38d68e8bb4d5", size = 524769, upload-time = "2026-07-22T06:36:39.368Z" },
    { url = "https://files.pythonhosted.org/packages/14/60/2266b781078a3c315cfe73570facf18a8b4a4cf5c4fe8d6515fd598b1a20/lupaz8-2.8.0.1-cp310-cp310-macosx_11_0_arm64.whl", hash = "sha256:9c99c0a65df6df13c1162e79af4a85ae15e2209c48e54f1d733a965496c2de69", size = 569770, upload-time = "2026-07-22T06:36:40.865Z" },
    { url = "https://files.pythonhosted.org/packages/12/2e/5df6785b3d844d71a08690f58959c224755b5e95041476dde24f71bd18a0/lupaz8-2.8.0.1-cp310-cp310-manylinux2014_aarch64.manylinux_2_17_aarch64.manylinux_2_28_aarch64.whl", hash = "sha256:500c356c417b3eb75092c489a896a66acfbe11ebf6eb7f96b0300b78d96d85f8", size = 573723, upload-time = "2026-07-22T06:36:42.266Z" },
    { url = "https://files.pythonhosted.org/packages/80/d5/e50e0ada87e36ce03e210ee7853cc05fbc8b292da9a7224ab92059a1b74b/lupaz8-2.8.0.1-cp310-cp310-manylinux2014_x86_64.manylinux_2_17_x86_64.manylinux_2_28_x86_64.whl", hash = "sha256:3e607db06958c7a5665f293f2ac4a87e8862e102e9e5a15ccd613a8acf56f542", size = 586900, upload-time = "2026-07-22T06:36:43.662Z" },
    { url = "https://files.pythonhosted.org/packages/a1/2c/1ad8ec170fd798857d920bbf16d9630481ced0b76b418199a9b0fe34aec7/lupaz8-2.8.0.1-cp310-cp310-win_amd64.whl", hash = "sha256:c8ec97ce81c8cc6e6c756dbfb049f320106005c56072b89fc56ae8eb03da7d28", size = 573021, upload-time = "2026-07-22T06:36:44.988Z" },
    { url = "https://files.pythonhosted.org/packages/63/da/c0598ff57699eaa7bf9dc35158ccc176d960550221057dcb1f366b0f9679/lupaz8-2.8.0.1-cp311-cp311-macosx_11_0_arm64.whl", hash = "sha256:bb21034e921fc8175bb407320152ea4aab597bb695f7b186c24497c007730c41", size = 569505, upload-time = "2026-07-22T06:36:46.757Z" },
    { url = "https://files.pythonhosted.org/packages/64/05/3d9ffaec8899a62a91c65cc6dfe95e66b63f3e7cd8e8d0c49d3f8989cccc/lupaz8-2.8.0.1-cp311-cp311-manylinux2014_aarch64.manylinux_2_17_aarch64.manylinux_2_28_aarch64.whl", hash = "sha256:9e4a05445f317672668104830a5f21abe60bb4909048d47734f8411f70f991c6", size = 573756, upload-time = "2026-07-22T06:36:48.349Z" },
    { url = "https://files.pythonhosted.org/packages/d2/ae/676053a98a191f79e14adff42edd5d67a26c8b6d244a85ba3a76442c006e/lupaz8-2.8.0.1-cp311-cp311-manylinux2014_x86_64.manylinux_2_17_x86_64.manylinux_2_28_x86_64.whl", hash = "sha256:34af9eed9cb3125908ce5eb8ff98c69bb5be026bea9681787f1d4ec1b4315d64", size = 586541, upload-time = "2026-07-22T06:36:49.671Z" },
    { url = "https://files.pythonhosted.org/packages/97/e4/27a1b52fbef24480816884344b8869347b23d5d62e5e07b1c8da1131d7bd/lupaz8-2.8.0.1-cp311-cp311-win_amd64.whl", hash = "sha256:2247e580bcf4f24cc22a0d597bab62f1d1b0662dc1aaa05b2900b8e9b8a73950", size = 574789, upload-time = "2026-07-22T06:36:51.129Z" },
    { url = "https://files.pythonhosted.org/packages/f5/c9/ded8a4eb048172f082e03358e6c740b2aff7b76e9d1e79e7e703fd98f3ce/lupaz8-2.8.0.1-cp312-abi3-macosx_10_13_x86_64.whl", hash = "sha256:b6ebdf70f416c672cee4dfeaa235c7e254d2d3b60309fc51401fe3bb4846ee2a", size = 565151, upload-time = "2026-07-22T06:36:52.524Z" },
    { url = "https://files.pythonhosted.org/packages/0e/28/0a2fb9b738c4a0b6ecfbf10a623b3cf1fb5b08619cf66f11cab3b78b13fd/lupaz8-2.8.0.1-cp312-abi3-macosx_11_0_arm64.whl", hash = "sha256:2de1013b6a4babe9f060d408c442779c80388a689ccc194c691df7d1bd188f98", size = 555817, upload-time = "2026-07-22T06:36:53.999Z" },
    { url = "https://files.pythonhosted.org/packages/98/e4/d7e88978ead30289795fbdb0188e366cb1d3f50e24694f6585e114c5ad29/lupaz8-2.8.0.1-cp312-abi3-manylinux1_i686.manylinux_2_28_i686.manylinux_2_5_i686.whl", hash = "sha256:438c267e2ebed8206b67345a894d6e3a48f7427e8905a8dda9eeb4c9478b548d", size = 593716, upload-time = "2026-07-22T06:36:55.698Z" },
    { url = "https://files.pythonhosted.org/packages/9f/5e/0bf12588762a27ee5fa656ffef69d15557a399615de97fc250481221d51f/lupaz8-2.8.0.1-cp312-abi3-manylinux2014_aarch64.manylinux_2_17_aarch64.manylinux_2_28_aarch64.whl", hash = "sha256:dc88f8864415cfe89bd641b1b802ecd6f3b4efbb60ed0adbcddfb7d04900b067", size = 558891, upload-time = "2026-07-22T06:36:57.214Z" },
    { url = "https://files.pythonhosted.org/packages/4a/77/d41f1de849b3989a2e03815590d661e46e50526e08ceaa0579c75bda4dc3/lupaz8-2.8.0.1-cp312-abi3-manylinux2014_ppc64le.manylinux_2_17_ppc64le.manylinux_2_28_ppc64le.whl", hash = "sha256:78d83080e440aea7519ee40c57d6da72ebd364cee324d9ab17225042b98c22dc", size = 603248, upload-time = "2026-07-22T06:36:58.56Z" },
    { url = "https://files.pythonhosted.org/packages/91/05/9be93e77398ee3199af9071dc8efeb769af9e12f66164e1bb2e63c665c97/lupaz8-2.8.0.1-cp312-abi3-manylinux2014_x86_64.manylinux_2_17_x86_64.manylinux_2_28_x86_64.whl", hash = "sha256:38fea7be1d605bef3ade0a50a72d5bcd7d6799ffa96c4eaac7252b985076a96e", size = 573132, upload-time = "2026-07-22T06:36:59.986Z" },
    { url = "https://files.pythonhosted.org/packages/c3/cc/d7fe3862e9fa3ffe670a2f1d68cf64c4ceb82fd20d54bc442359c7f47580/lupaz8-2.8.0.1-cp312-abi3-manylinux_2_31_armv7l.whl", hash = "sha256:9de310a02a4389120fd5ac8b02a7579efab3eee989a0c92e34c429316f5e4a0c", size = 536585, upload-time = "2026-07-22T06:37:01.414Z" },
    { url = "https://files.pythonhosted.org/packages/97/7f/71c67448a3d7b220fe10be6873e0e7ddf484cc65e4e94a923f3efd42ab69/lupaz8-2.8.0.1-cp312-abi3-manylinux_2_38_riscv64.manylinux_2_39_riscv64.whl", hash = "sha256:ec64d9f97a952c4685c4e1d1a7f0b7f509dcf7b6cf4002494f2eaacd95cce387", size = 569709, upload-time = "2026-07-22T06:37:02.979Z" },
    { url = "https://files.pythonhosted.org/packages/9e/ab/0093cc6e9d9c2e37fa9bf664288c1ff475831d0a5c530ad96aed645b7005/lupaz8-2.8.0.1-cp312-abi3-musllinux_1_2_aarch64.whl", hash = "sha256:ceeff39371031c0a412ce434218d007281dab3921c53ff19cd88ce2259c2c986", size = 1545938, upload-time = "2026-07-22T06:37:04.321Z" },
    { url = "https://files.pythonhosted.org/packages/c6/f8/36e61e2a698ada909701a4ae0ff37da96ff0408053ec52d20b6b54f61159/lupaz8-2.8.0.1-cp312-abi3-musllinux_1_2_armv7l.whl", hash = "sha256:3c734e8de3f1bb11ef70e06f91f4f5f68a6e0488428c37776be5ba05b1d6b9d6", size = 1382599, upload-time = "2026-07-22T06:37:05.8Z" },
    { url = "https://files.pythonhosted.org/packages/79/49/88ee34f76c05e289a2401d900094aa8c15f157cffaa798622ea09b0bea77/lupaz8-2.8.0.1-cp312-abi3-musllinux_1_2_i686.whl", hash = "sha256:e66a629d09a9e92b1bef78cad849feb44a59a8e2ee247de8f0ecf543b304740c", size = 1734045, upload-time = "2026-07-22T06:37:07.593Z" },
    { url = "https://files.pythonhosted.org/packages/d8/ab/b01730cce7e887341d384e432add4f1f465ef0b596600958f381d672a700/lupaz8-2.8.0.1-cp312-abi3-musllinux_1_2_ppc64le.whl", hash = "sha256:ce0e47d35461e813daabb3af74868ce278a2eeeab15fd90e8329ff9d036d9b53", size = 1664993, upload-time = "2026-07-22T06:37:09.111Z" },
    { url = "https://files.pythonhosted.org/packages/47/52/dc7b3ee098e8e86fccc261a9ddcb436bade32e00812e45146adcbc4a4455/lupaz8-2.8.0.1-cp312-abi3-musllinux_1_2_riscv64.whl", hash = "sha256:551335f00bbaf613170c9e143c480884236a2135e312307c30b43c05282d85eb", size = 1578570, upload-time = "2026-07-22T06:37:10.777Z" },
    { url = "https://files.pythonhosted.org/packages/52/5d/48f75a9800b3f4507303af3ba50a69f1411624dfca0bd28a74906f770974/lupaz8-2.8.0.1-cp312-abi3-musllinux_1_2_x86_64.whl", hash = "sha256:362f3aa74bb6eec41aa38a5a8ec7f49ecca4b9312b231ebdc2043a62e18495cd", size = 1608338, upload-time = "2026-07-22T06:37:13.144Z" },
    { url = "https://files.pythonhosted.org/packages/13/c1/d1285574deea5ded58260ea9f6942b925524089317fa88bc9a0967f76404/lupaz8-2.8.0.1-cp312-abi3-win32.whl", hash = "sha256:a29cbeb0067da44074e486e9a1cd5b98478fb160c7d1996617cec022ae35afc5", size = 519881, upload-time = "2026-07-22T06:37:14.581Z" },
    { url = "https://files.pythonhosted.org/packages/b9/a5/f09ed049f9feb6866df1c8f64490f39032a5e834076b9f828276d22d4acf/lupaz8-2.8.0.1-cp312-abi3-win_amd64.whl", hash = "sha256:87f844fe819128398d4544a022c52ad2ad8806fde387b18cf50beb60bb8b846d", size = 566181, upload-time = "2026-07-22T06:37:15.884Z" },
    { url = "https://files.pythonhosted.org/packages/7a/6c/2bbc89221fb7ea6addca7a2e4755a887f2682337a32745b50cbf2c50ec19/lupaz8-2.8.0.1-cp312-abi3-win_arm64.whl", hash = "sha256:ab05515bcfc16089ecf29d90c502665cb1a366e38aed8847e9882dd8c7b8faf4", size = 522269, upload-time = "2026-07-22T06:37:17.121Z" },
    { url = "https://files.pythonhosted.org/packages/d0/89/9ed973d5b7502475075b4228ecdaa212056adcd028b8dfff2774e0648fa0/lupaz8-2.8.0.1-cp312-cp312-macosx_11_0_arm64.whl", hash = "sha256:129675b4269cbd18001d509d9f5668d9b915be94b373f6601a33b3fe5534e500", size = 568066, upload-time = "2026-07-22T06:37:18.847Z" },
    { url = "https://files.pythonhosted.org/packages/32/8e/250f42c88a71a796647de936bb8aab09338b8125afdf1b49982fc6dafe12/lupaz8-2.8.0.1-cp312-cp312-manylinux2014_aarch64.manylinux_2_17_aarch64.manylinux_2_28_aarch64.whl", hash = "sha256:c54b7d99297a564f11d1082f68ce5888ebaf53615ad5bcd6245d6d5bb2116642", size = 563102, upload-time = "2026-07-22T06:37:20.442Z" },
    { url = "https://files.pythonhosted.org/packages/24/b1/c3f8c47d74b55217fd0c0c73d5b5995f44daa4588baa013ea6a2b4302a45/lupaz8-2.8.0.1-cp312-cp312-manylinux2014_x86_64.manylinux_2_17_x86_64.manylinux_2_28_x86_64.whl", hash = "sha256:685b8df3dcf6e94a9be6ab68555cc8fd3058108ffdecfdc023fdba0ea1ccd3c2", size = 579170, upload-time = "2026-07-22T06:37:22.075Z" },
    { url = "https://files.pythonhosted.org/packages/ee/3b/cfbc821dee3bb50b6bb4152961ac27342031ac3b2c45c17c75ceab4b8e3d/lupaz8-2.8.0.1-cp312-cp312-win_amd64.whl", hash = "sha256:058394c384bb99d56b40a495f63791b3acbb9bdcdd1a71d34a667c8be1e1fa9d", size = 576086, upload-time = "2026-07-22T06:37:23.334Z" },
    { url = "https://files.pythonhosted.org/packages/d8/fc/d794c135eb59af05b5ff6fc9bb4e413381d3f1aa002e5bc3c1e217ce6631/lupaz8-2.8.0.1-cp313-cp313-macosx_11_0_arm64.whl", hash = "sha256:dfa67bf136298d2593ee7077889b2357e33d1f6997bcd591ea8c9fb2b8f408d5", size = 570371, upload-time = "2026-07-22T06:37:24.854Z" },
    { url = "https://files.pythonhosted.org/packages/52/98/7756387f467e12a64f10e3efd1efa1b6023fcade9e2b56aff087260cda48/lupaz8-2.8.0.1-cp313-cp313-manylinux2014_aarch64.manylinux_2_17_aarch64.manylinux_2_28_aarch64.whl", hash = "sha256:6c3062e03f1bd44de31c79973a0a7126c85cfcaabf8b8775fcd795c4a9f88c19", size = 564545, upload-time = "2026-07-22T06:37:26.254Z" },
    { url = "https://files.pythonhosted.org/packages/9f/1d/28a2c35347ce8be6fe160f1eb80922a3d1776374014f2decfcbc69ecd239/lupaz8-2.8.0.1-cp313-cp313-manylinux2014_x86_64.manylinux_2_17_x86_64.manylinux_2_28_x86_64.whl", hash = "sha256:a3795bc1727c849305df995e2cd05da3b5981d49635a69cdaf889e21caa47e97", size = 579054, upload-time = "2026-07-22T06:37:27.665Z" },
    { url = "https://files.pythonhosted.org/packages/b9/47/a7ef9fd1675900e56b409e015a63796f17989d71f3f17cbae5f4a47579e3/lupaz8-2.8.0.1-cp313-cp313-win_amd64.whl", hash = "sha256:79e8faf4ecc580cbae17a39c7965fbfc02e3ab4ed14b038452305dfc5bd67199", size = 575084, upload-time = "2026-07-22T06:37:28.991Z" },
    { url = "https://files.pythonhosted.org/packages/a6/04/22c884b35272b36a1a3382de510347a28153e8dce2c5de39d10ef8b84d0b/lupaz8-2.8.0.1-cp314-cp314-macosx_11_0_arm64.whl", hash = "sha256:09bec2825d645d8eeb115409b68eda8b78e4d65f4bc128b5fa5502d38c7d810e", size = 577064, upload-time = "2026-07-22T06:37:30.655Z" },
    { url = "https://files.pythonhosted.org/packages/1c/a8/df4d9314070a97e3d97b53bbe0a84b1f506b8c0fe02d808ec8abb489a19c/lupaz8-2.8.0.1-cp314-cp314-manylinux2014_aarch64.manylinux_2_17_aarch64.manylinux_2_28_aarch64.whl", hash = "sha256:b98124d0f65333fe670766890dfda616cef22e6ef1227aff776eada87c9da3e0", size = 572342, upload-time = "2026-07-22T06:37:32.179Z" },
    { url = "https://files.pythonhosted.org/packages/9f/92/95d2b4bc5fbdbaddd06c0b6532acfd15dbcb1580c42d9b9957c8fbb27894/lupaz8-2.8.0.1-cp314-cp314-manylinux2014_x86_64.manylinux_2_17_x86_64.manylinux_2_28_x86_64.whl", hash = "sha256:2711dbc91f39d3c44bc4385f8c2fbf96e26ef1d0c0cd544399349283fb7256ec", size = 585009, upload-time = "2026-07-22T06:37:33.5Z" },
    { url = "https://files.pythonhosted.org/packages/bd/f9/861d23bba8cbaf3b576828663523078122e0f91f0c27932691c5ed4595f2/lupaz8-2.8.0.1-cp314-cp314-pyemscripten_2026_0_wasm32.whl", hash = "sha256:02970dd700d8d3f268662d4ee638df6eaa7c0d063c7846df108e4dac1c52c7fc", size = 439956, upload-time = "2026-07-22T06:37:34.913Z" },
    { url = "https://files.pythonhosted.org/packages/0c/8c/c5f24184ec2e0bf836ca3a204c883fc845f2882fb471308714f5d1f684fd/lupaz8-2.8.0.1-cp314-cp314-win_amd64.whl", hash = "sha256:b99d9b0569fa860ee0018b92865dd9a4749f7722e48330529db1637b46cbbd6d", size = 584499, upload-time = "2026-07-22T06:37:36.832Z" },
    { url = "https://files.pythonhosted.org/packages/b4/29/92d729d1c7bb38c5c05117ab9d3f7acbdd715214674cc58c4b7eb1674e00/lupaz8-2.8.0.1-cp314-cp314t-macosx_11_0_arm64.whl", hash = "sha256:9e8e27a692ae0662aad78c6e7125732a8e4bce4828c52f7eb8cb7711cc7917ad", size = 584507, upload-time = "2026-07-22T06:37:38.76Z" },
    { url = "https://files.pythonhosted.org/packages/34/56/32e82d4e6ed3fe069d8d8400a745829f47eaf28d88fba8ca1eed5258dfce/lupaz8-2.8.0.1-cp314-cp314t-manylinux2014_aarch64.manylinux_2_17_aarch64.manylinux_2_28_aarch64.whl", hash = "sha256:7830fcac5df173135b8219ac8bbd9a708cb58662bb385a66c242c59c4eb32bab", size = 570747, upload-time = "2026-07-22T06:37:40.268Z" },
    { url = "https://files.pythonhosted.org/packages/9d/49/7e0ed824285f2c9f88d5506df360839db9d83a14a2bac0a7d044e0f50698/lupaz8-2.8.0.1-cp314-cp314t-manylinux2014_x86_64.manylinux_2_17_x86_64.manylinux_2_28_x86_64.whl", hash = "sha256:c93191097cedaf8ed2b47efff1805979b92a26a2c447e88a9b5271febcc2b930", size = 583960, upload-time = "2026-07-22T06:37:41.728Z" },
    { url = "https://files.pythonhosted.org/packages/67/72/a2ffab8765efbbd4b63bf886739836c594d405381dbed75dc3b98951498b/lupaz8-2.8.0.1-cp314-cp314t-win32.whl", hash = "sha256:82672fa6a086d74c7060f33406a780b7e843c3245977eeda143cf85887fbebad", size = 541176, upload-time = "2026-07-22T06:37:43.119Z" },
    { url = "https://files.pythonhosted.org/packages/1d/10/19dea2a6573b8c9dadd650ad9cb1c85aff9e521f1485c08eb6f8470127df/lupaz8-2.8.0.1-cp314-cp314t-win_amd64.whl", hash = "sha256:8f991cf79d9027041996b03c1da2861a0371414bfe69b651c738478543a398dc", size = 598500, upload-time = "2026-07-22T06:37:44.385Z" },
    { url = "https://files.pythonhosted.org/packages/d6/f7/adcc8f9225592ba1b999af4a1a251df73351dc658f1c89936dec5eadbbf2/lupaz8-2.8.0.1-cp314-cp314t-win_arm64.whl", hash = "sha256:dbc956a44f99ad49a4c4a729dbd0081a81dcf7be4334d18749d20b212051f23e", size = 568709, upload-time = "2026-07-22T06:37:45.887Z" },
    { url = "https://files.pythonhosted.org/packages/33/b0/9dab8b9858179b1923d45bd5bb0b20c1ad39e05b0439ad72e188eced89d2/lupaz8-2.8.0.1-cp39-abi3-macosx_10_9_x86_64.whl", hash = "sha256:3a1d6da9d20c8e78c1abab22a4223d0b569d976fc467e00f2fa9c6454663b896", size = 562703, upload-time = "2026-07-22T06:37:54.965Z" },
    { url = "https://files.pythonhosted.org/packages/c2/53/d2136a7889e2c3e01e87e997b8217e18d1ab789ff6afba1ae94584688859/lupaz8-2.8.0.1-cp39-abi3-macosx_11_0_arm64.whl", hash = "sha256:27279f763dcd991ba331160f2b1812d6241967b692efad9df3179f08acaa0876", size = 558313, upload-time = "2026-07-22T06:37:56.499Z" },
    { url = "https://files.pythonhosted.org/packages/c7/b2/69fb0ef46de2f9492b9b731b016e2ebd70bc624712a62ed0a393c00e6351/lupaz8-2.8.0.1-cp39-abi3-manylinux1_i686.manylinux_2_28_i686.manylinux_2_5_i686.whl", hash = "sha256:c6ec7b32c109574df01059b682cb44ab9d1a92b4e46f75fbe50dbd7e7a7e9358", size = 603223, upload-time = "2026-07-22T06:37:57.961Z" },
    { url = "https://files.pythonhosted.org/packages/af/d6/7f017ea7352614fdb7404a40226cd5cde2aabd43b53e4815e263b83682d3/lupaz8-2.8.0.1-cp39-abi3-manylinux2014_aarch64.manylinux_2_17_aarch64.manylinux_2_28_aarch64.whl", hash = "sha256:92364eed8ec726e87112782786b7f60bf1d7f05183993d518d468edf7e7ccf8c", size = 569722, upload-time = "2026-07-22T06:37:59.475Z" },
    { url = "https://files.pythonhosted.org/packages/01/4b/d45aed6fc950f61e0486280c16ca67189e387a7a398dfba8d7dc7b332972/lupaz8-2.8.0.1-cp39-abi3-manylinux2014_ppc64le.manylinux_2_17_ppc64le.manylinux_2_28_ppc64le.whl", hash = "sha256:d71c600bf85360a41096d6b7134438121c18b831cf37263573f07e711da266ae", size = 613711, upload-time = "2026-07-22T06:38:01.059Z" },
    { url = "https://files.pythonhosted.org/packages/e8/db/be72100eb1370db75d618a3a4a11e643f2c9fe859b432560a0c01264a0c9/lupaz8-2.8.0.1-cp39-abi3-manylinux2014_x86_64.manylinux_2_17_x86_64.manylinux_2_28_x86_64.whl", hash = "sha256:3a6a526beed0db59c9d65f7f056fd0c25b52e231626fd1475918b5648561dc99", size = 582372, upload-time = "2026-07-22T06:38:02.34Z" },
    { url = "https://files.pythonhosted.org/packages/04/94/cd386235f396ad9e1c043569c998b0e81928f7c4d0e86dfad3eb0d6f9ec6/lupaz8-2.8.0.1-cp39-abi3-manylinux_2_31_armv7l.whl", hash = "sha256:374678e5e81d7393955a5c4eeee4c8be8c8884c4369990a443ce64fd54d7310f", size = 543210, upload-time = "2026-07-22T06:38:04.076Z" },
    { url = "https://files.pythonhosted.org/packages/3a/f8/38127a1d62ddb331b2d941145e27e39f3cc6fa46de7e07922923b3a1230a/lupaz8-2.8.0.1-cp39-abi3-manylinux_2_38_riscv64.manylinux_2_39_riscv64.whl", hash = "sha256:9c74b6affe8a40712de04c9785939eb1dadb1c83aa375e34ecb301934fbdc69b", size = 580378, upload-time = "2026-07-22T06:38:05.419Z" },
    { url = "https://files.pythonhosted.org/packages/38/dd/b06ecb0499d2e42744ee095ddcb179556dadc445a0f66df3c2cece3d6e9b/lupaz8-2.8.0.1-cp39-abi3-musllinux_1_2_aarch64.whl", hash = "sha256:3715082ff94cd42f990695d1cf056410a6f084912cdb742ccdbea776fe67f543", size = 1556941, upload-time = "2026-07-22T06:38:06.947Z" },
    { url = "https://files.pythonhosted.org/packages/89/09/eec0f8e4fc231494e41efb372867f505f3974eedcee9d9008d6750e6db55/lupaz8-2.8.0.1-cp39-abi3-musllinux_1_2_armv7l.whl", hash = "sha256:33cfc8e0e3bdaa2f5dd14d35c6ad666aeb5a651a7db107f94c827c475f7547f6", size = 1391485, upload-time = "2026-07-22T06:38:08.439Z" },
    { url = "https://files.pythonhosted.org/packages/11/97/3a856b197b32d01548b7b7b11473252ee4f18c7e6e8ce90bc3eb05120bec/lupaz8-2.8.0.1-cp39-abi3-musllinux_1_2_i686.whl", hash = "sha256:af88154640a4d90d2c490fd3bf5daa1c68d771afd7a8e2afc12b723db8f9b282", size = 1743065, upload-time = "2026-07-22T06:38:09.974Z" },
    { url = "https://files.pythonhosted.org/packages/9b/37/0ee585d0a789f4cbef17469cfffcfa4c4ae50f30515f24107f8a70c33a25/lupaz8-2.8.0.1-cp39-abi3-musllinux_1_2_ppc64le.whl", hash = "sha256:50f4f325eba4949b3cab97a21ade2b7e84286c1dd71b535cf51841029ac9b3b6", size = 1675135, upload-time = "2026-07-22T06:38:11.609Z" },
    { url = "https://files.pythonhosted.org/packages/33/4e/d1776d0ad267a602b27c62ba26dbb81f9fbc8bf8013704da8ad394c7b580/lupaz8-2.8.0.1-cp39-abi3-musllinux_1_2_riscv64.whl", hash = "sha256:4350a19c82367025cb9bd28e4e52040ba3865c4459eae6b47a0e257fa0e6cc94", size = 1589003, upload-time = "2026-07-22T06:38:12.97Z" },
    { url = "https://files.pythonhosted.org/packages/3b/8f/712d0d4996f45d424fc8f68804e86bcf2310f8aa88c7de2212e997b13684/lupaz8-2.8.0.1-cp39-abi3-musllinux_1_2_x86_64.whl", hash = "sha256:6772fe4322105d211f219cfede428c3078d8ebc0bff6fea9108ddc27486a7713", size = 1616946, upload-time = "2026-07-22T06:38:14.411Z" },
    { url = "https://files.pythonhosted.org/packages/f7/ef/581d861a0e5b853da28e179c2cd3b3413b989235c6f59f9822182e65fba3/lupaz8-2.8.0.1-pp311-pypy311_pp73-manylinux2014_aarch64.manylinux_2_17_aarch64.manylinux_2_28_aarch64.whl", hash = "sha256:dd4e73223b3ee3efaa03e81e77f19498af65aa1bd5a7a7351db7d29afbfac67f", size = 539239, upload-time = "2026-07-22T06:38:24.844Z" },
    { url = "https://files.pythonhosted.org/packages/73/e8/b58575882725bf71e6c5a804f2955cfd32f22b4185a7a412b0170592a0a9/lupaz8-2.8.0.1-pp311-pypy311_pp73-manylinux2014_x86_64.manylinux_2_17_x86_64.manylinux_2_28_x86_64.whl", hash = "sha256:cbd40a8fbb8487dfecba502cb2b72dd90a720db0c0db925c5ed248977d45009c", size = 552103, upload-time = "2026-07-22T06:38:26.238Z" },
    { url = "https://files.pythonhosted.org/packages/78/4d/60c8eb0527c3a51a03ba132155f77debf25f2a4a14ab5c67886bd80c53fe/lupaz8-2.8.0.1-pp311-pypy311_pp73-win_amd64.whl", hash = "sha256:1ea5258aa7081d25d633ea36e2d8fae5eaacffc99ec63c1b7843431b271813e9", size = 560235, upload-time = "2026-07-22T06:38:27.833Z" },
]

[[package]]
name = "picomon-red"
version = "0.1.0"
source = { virtual = "." }
dependencies = [
    { name = "pillow" },
    { name = "shrinko" },
]

[package.metadata]
requires-dist = [
    { name = "pillow" },
    { name = "shrinko", git = "https://github.com/thisismypassport/shrinko8?rev=15eb9ce5134ff1e915fedc237cb426e73ff80b9e" },
]

[[package]]
name = "pillow"
version = "12.3.0"
source = { registry = "https://pypi.org/simple" }
sdist = { url = "https://files.pythonhosted.org/packages/1c/3d/bb7fca845737cf9d7dbde16ed1843984665ff2e0a518f5db43e77ec540b9/pillow-12.3.0.tar.gz", hash = "sha256:3b8182a766685eaa002637e28b4ec8d6b18819a0c71f579bf0dbaa5830297cce", size = 47025035, upload-time = "2026-07-01T11:56:38.965Z" }
wheels = [
    { url = "https://files.pythonhosted.org/packages/25/c2/669d88644cddb1485bd9534e63e8cf476c8e51cb3c3a1297677023505c0e/pillow-12.3.0-cp310-cp310-macosx_10_10_x86_64.whl", hash = "sha256:6c0016e7b354317c4e9e525b937ac8596c38d2d232b419529b9cd7a1cd46e39a", size = 5392418, upload-time = "2026-07-01T11:53:27.808Z" },
    { url = "https://files.pythonhosted.org/packages/6b/ba/3762f376a2948e3036488d773a146e0ae6ecc2ca03ac20e2615bd0b2ba02/pillow-12.3.0-cp310-cp310-macosx_11_0_arm64.whl", hash = "sha256:bcc33feacfaefce60c12fd500a277533bdc02b10a19f7f6d348763d8140bbba7", size = 4785287, upload-time = "2026-07-01T11:53:29.761Z" },
    { url = "https://files.pythonhosted.org/packages/07/50/b5d688cc9c52d4482f3d5bcab6ce20bc2a74a85d2343841c907444a3be2c/pillow-12.3.0-cp310-cp310-manylinux_2_27_aarch64.manylinux_2_28_aarch64.whl", hash = "sha256:5594fc43d548a7ed94949d139aa1341b270f1863f11cfd37f5a6c8b778a6b67f", size = 6253754, upload-time = "2026-07-01T11:53:32.298Z" },
    { url = "https://files.pythonhosted.org/packages/4e/89/36f4cd76cf4baf05c50ababb976249153f18c959171c7f6ba09a6f217260/pillow-12.3.0-cp310-cp310-manylinux_2_27_x86_64.manylinux_2_28_x86_64.whl", hash = "sha256:f0606c8bf2cdefea14a43530f7657cbbb7ecf1c4222512492ef4a4434a9501ec", size = 6925605, upload-time = "2026-07-01T11:53:34.487Z" },
    { url = "https://files.pythonhosted.org/packages/eb/c0/4de58cf6633b9e3a6061ef4be6fb91fc3c90b812ece886f531e3c523d777/pillow-12.3.0-cp310-cp310-musllinux_1_2_aarch64.whl", hash = "sha256:85f998ea1848bc6757289e739cfbdda3a04adfd58b02fc018ce54d754a5ce468", size = 6327788, upload-time = "2026-07-01T11:53:36.433Z" },
    { url = "https://files.pythonhosted.org/packages/87/3c/14d53682a19550dbbaf3b598f807d5457646c510805a44c7d7891cd1cd1a/pillow-12.3.0-cp310-cp310-musllinux_1_2_x86_64.whl", hash = "sha256:25b9b82bb22e6e2b3cd07b39c68b7b862001226cb3dff7130d1cb914121b39ed", size = 7036288, upload-time = "2026-07-01T11:53:38.712Z" },
    { url = "https://files.pythonhosted.org/packages/38/1d/36279e3c77efe034e4cc2b0393ee74ffdb5a62391dacbf9b916154f5f0b8/pillow-12.3.0-cp310-cp310-win32.whl", hash = "sha256:37dc8f7bbb66efe481bb60defacef820c950c24713fb44962ed6aa2a50966de1", size = 6472396, upload-time = "2026-07-01T11:53:40.781Z" },
    { url = "https://files.pythonhosted.org/packages/48/7c/8fa0039574c476d7c6fa57dd7c32a130436877c6ec1e5ce1cc8ec44878c1/pillow-12.3.0-cp310-cp310-win_amd64.whl", hash = "sha256:300557495eb45ebb8aec96c2da9c4be642fbf7cd937278b4013ba894ea8eb0eb", size = 7226887, upload-time = "2026-07-01T11:53:42.764Z" },
    { url = "https://files.pythonhosted.org/packages/fa/17/e324be141d173c1c919428066c3259f21c1b8982e564e01a4a81e96dbdcf/pillow-12.3.0-cp310-cp310-win_arm64.whl", hash = "sha256:514435a37670e3e5e08f3945b68718b6ed329bb84367777e16f9f4dfe1e61a0f", size = 2568039, upload-time = "2026-07-01T11:53:45.372Z" },
    { url = "https://files.pythonhosted.org/packages/fb/c8/0a78b0e02d7ac54bc03e5321c9220da52f0c2ea83b21f7c40e7f3169c502/pillow-12.3.0-cp311-cp311-macosx_10_10_x86_64.whl", hash = "sha256:00808c5e14ef63ac5161091d242999076604ff74b883423a11e5d7bbb38bf756", size = 5392415, upload-time = "2026-07-01T11:53:47.162Z" },
    { url = "https://files.pythonhosted.org/packages/b2/5b/a02d30018abd97ced9f5a6c63d28597694a00d066516b9c1c6de45859fc9/pillow-12.3.0-cp311-cp311-macosx_11_0_arm64.whl", hash = "sha256:37d6d0a00072fd2948eb22bce7e1475f34569d90c87c59f7a2ec59541b77f7a6", size = 4785266, upload-time = "2026-07-01T11:53:49.079Z" },
    { url = "https://files.pythonhosted.org/packages/c8/98/766667a4be768150a202836acd9fad19c06824ca86c4286d3cf6b274964e/pillow-12.3.0-cp311-cp311-manylinux_2_27_aarch64.manylinux_2_28_aarch64.whl", hash = "sha256:bcb46e2f9feff8d06323983bd83ed00c201fdcab3d74973e7072a889b3979fcd", size = 6263814, upload-time = "2026-07-01T11:53:51.32Z" },
    { url = "https://files.pythonhosted.org/packages/3b/2d/ede717bc1144f63886c21fd349bb95860b0d1a21149ff16f2bb362b612b6/pillow-12.3.0-cp311-cp311-manylinux_2_27_x86_64.manylinux_2_28_x86_64.whl", hash = "sha256:23d27a3e0307ec2244cc51e7287b919aa68d097504ebe19df4e76a98a3eea5bd", size = 6934408, upload-time = "2026-07-01T11:53:53.487Z" },
    { url = "https://files.pythonhosted.org/packages/a3/48/9c58b685e69d49c31af6c8eb9012055fab7e665785165c84796e2c73ce72/pillow-12.3.0-cp311-cp311-musllinux_1_2_aarch64.whl", hash = "sha256:4f883547d4b7f0495ebe7056b0cc2aea76094e7a4abc8e933540f3271df27d9c", size = 6337160, upload-time = "2026-07-01T11:53:55.457Z" },
    { url = "https://files.pythonhosted.org/packages/ff/fa/dc2a5c0ba6df93f67c31d34b808b7ce440b40cdbf96f0b81cde1d1e6fa93/pillow-12.3.0-cp311-cp311-musllinux_1_2_x86_64.whl", hash = "sha256:236ff70b9312fb68943c703aa842ca6a758abfa45ac187a5e7c1452e96ef72b5", size = 7045172, upload-time = "2026-07-01T11:53:57.736Z" },
    { url = "https://files.pythonhosted.org/packages/86/a5/444817a4d4c4c2417df00513086ca196f388d8f9ef40c2e4ccd1ad1af54b/pillow-12.3.0-cp311-cp311-win32.whl", hash = "sha256:10e41f0fbf1eec8cfd234b8fe17a4caac7c9d0db4c204d3c173a8f9f6ef3232b", size = 6472232, upload-time = "2026-07-01T11:53:59.767Z" },
    { url = "https://files.pythonhosted.org/packages/63/c6/4bad1b18d132a50b27e1365e1ab163616f7a5bb56d330f66f9d1d9d4f9d4/pillow-12.3.0-cp311-cp311-win_amd64.whl", hash = "sha256:8e95e1385e4998ae9694eeaa4730ba5457ff61185b3a55e2e7bea0880aef452a", size = 7233653, upload-time = "2026-07-01T11:54:02.066Z" },
    { url = "https://files.pythonhosted.org/packages/fd/16/00f91ab7760dc842f5aad55217e80fc4a7067a0604535249bc8a2d6d9870/pillow-12.3.0-cp311-cp311-win_arm64.whl", hash = "sha256:ebaea975e03d3141d9d3a507df75c9b3ec90fa9d2ffd07567b3a978d9d790b26", size = 2568195, upload-time = "2026-07-01T11:54:04.622Z" },
    { url = "https://files.pythonhosted.org/packages/37/bf/fb3ebff8ddcb76aac5a01389251bbbb9519922a9b520d8247c1ca864a25d/pillow-12.3.0-cp312-cp312-macosx_10_13_x86_64.whl", hash = "sha256:ba09209fbe443b4acccebe845d8a138b89a8f4fbaeedd44953490b5315d5e965", size = 5345969, upload-time = "2026-07-01T11:54:06.397Z" },
    { url = "https://files.pythonhosted.org/packages/d8/66/9a386a92561f402389a4fc70c18838bf6d35eb5eb5c6850b4b2dc64f5048/pillow-12.3.0-cp312-cp312-macosx_11_0_arm64.whl", hash = "sha256:ffd0c5368496f41b0944be820fcb7a838aa6e623d250b01acf2643939c3f99d7", size = 4780323, upload-time = "2026-07-01T11:54:09.351Z" },
    { url = "https://files.pythonhosted.org/packages/25/27/ac8f99618ffd3dde21db0f4d4b1d2ab00c0880595bfd17df103f7f39fd0c/pillow-12.3.0-cp312-cp312-manylinux_2_27_aarch64.manylinux_2_28_aarch64.whl", hash = "sha256:d9c7f76c0673154f044e9d78c8655fb4213f6ca31a836df48b40fe5d187717b9", size = 6266838, upload-time = "2026-07-01T11:54:11.71Z" },
    { url = "https://files.pythonhosted.org/packages/84/21/a35af28dcc61f37ed850a2d64c65c701321dfbf25085e469d5559360cbbf/pillow-12.3.0-cp312-cp312-manylinux_2_27_x86_64.manylinux_2_28_x86_64.whl", hash = "sha256:78cb2c6865a35ab8ff8b75fd122f6033b92a62c82801110e48ddd6c936a45d91", size = 6940830, upload-time = "2026-07-01T11:54:13.732Z" },
    { url = "https://files.pythonhosted.org/packages/eb/51/8b08617af3ad95e33ce6d7dd2c99ed6c8298f7fb131636303956be022e25/pillow-12.3.0-cp312-cp312-musllinux_1_2_aarch64.whl", hash = "sha256:e491916b378fba47242221bb9ead245211b70d504f495d105d17b14a24b4907c", size = 6344383, upload-time = "2026-07-01T11:54:15.756Z" },
    { url = "https://files.pythonhosted.org/packages/1d/72/cf78ac9780bb93c28328f408973845a309d4d145041665f734572ced1b52/pillow-12.3.0-cp312-cp312-musllinux_1_2_x86_64.whl", hash = "sha256:0dd2064cbc55aaec028ef5fbb60fa47bb6c3e7918e07ff17935284b227a9d2df", size = 7052934, upload-time = "2026-07-01T11:54:17.721Z" },
    { url = "https://files.pythonhosted.org/packages/20/20/25e0f4dc178a6bc0696793720055519a0de89e7661dae886992decbd2f81/pillow-12.3.0-cp312-cp312-win32.whl", hash = "sha256:dbce0b29841537a2fa4a214c2bbf14de3587c9680caa9b4e217568472490b28f", size = 6472684, upload-time = "2026-07-01T11:54:19.839Z" },
    { url = "https://files.pythonhosted.org/packages/45/89/da2f7971a317f83d807fdd4065c0af40208e59e692cc43d315a71a0e96d1/pillow-12.3.0-cp312-cp312-win_amd64.whl", hash = "sha256:a2b55dd6b2a4c4b7d87ffa56bdb33fdc5fdb9a462173861a7bc097f17d91cb09", size = 7227137, upload-time = "2026-07-01T11:54:22.025Z" },
    { url = "https://files.pythonhosted.org/packages/de/47/4845a0a6c0dbf1db8456bd9fc791f13c5ced7ced20606d08a0aacfd25b49/pillow-12.3.0-cp312-cp312-win_arm64.whl", hash = "sha256:331b624368d4f1d069149002f25f44bc61c8919ce8ddb3c45bdad8f6e2d89510", size = 2568267, upload-time = "2026-07-01T11:54:24.051Z" },
    { url = "https://files.pythonhosted.org/packages/9d/ac/31fb64e1e7efb5a4b50cd3d92049ba89ac6e4d8d3bb6a74e15048ca3353e/pillow-12.3.0-cp313-cp313-ios_13_0_arm64_iphoneos.whl", hash = "sha256:21900ce7ba264168cd50defae43cd75d25c833ad4ad6e73ffc5596d12e25ac89", size = 4161684, upload-time = "2026-07-01T11:54:25.934Z" },
    { url = "https://files.pythonhosted.org/packages/87/b4/9805e23d2b4d77842b468513841fda254ee42f0289d25088340e4ff46e2d/pillow-12.3.0-cp313-cp313-ios_13_0_arm64_iphonesimulator.whl", hash = "sha256:4e8c2a84d977f50b9daed6eeaf3baef67d00d5d74d932288f02cb94518ee3ace", size = 4255487, upload-time = "2026-07-01T11:54:27.935Z" },
    { url = "https://files.pythonhosted.org/packages/df/39/ecf519435a200c693fe053a6ee4d835b41cf963a4dfc2551c4e637cb2a71/pillow-12.3.0-cp313-cp313-ios_13_0_x86_64_iphonesimulator.whl", hash = "sha256:ae26d61dfa7a47befdc7572b521024e8745f3d809bd95ca9505a7bba9ef849ec", size = 3696433, upload-time = "2026-07-01T11:54:29.813Z" },
    { url = "https://files.pythonhosted.org/packages/42/92/2fc3ffad878ae8dd5469ec1bc8eb83b71f48e13efdf68f02709003982a32/pillow-12.3.0-cp313-cp313-macosx_10_13_x86_64.whl", hash = "sha256:7a743ff716f746fc19a9557f60dab1600d4613255f8a7aeb3cdde4db7eb15a66", size = 5345889, upload-time = "2026-07-01T11:54:31.97Z" },
    { url = "https://files.pythonhosted.org/packages/10/76/8803c13605b763d33d156c4678fc77f8443389c0c51c8aef707bb02015f4/pillow-12.3.0-cp313-cp313-macosx_11_0_arm64.whl", hash = "sha256:d69141514cc30b774ceea5e3ed3a6635c8d8a96edf664689b890f4089111fb35", size = 4780109, upload-time = "2026-07-01T11:54:34.026Z" },
    { url = "https://files.pythonhosted.org/packages/1f/01/e18aff37cb0b4aac47ac90f016d347a49aca667ef97f190b06ac2aabc928/pillow-12.3.0-cp313-cp313-manylinux_2_27_aarch64.manylinux_2_28_aarch64.whl", hash = "sha256:f7401aebd7f581d7f83a439d87d474999317ee099218e5ad25d125290990ba65", size = 6263736, upload-time = "2026-07-01T11:54:36.131Z" },
    { url = "https://files.pythonhosted.org/packages/f7/62/de5bdd77d935331f4f802edc11e4d82950f642caad6cb2f949837b8560e2/pillow-12.3.0-cp313-cp313-manylinux_2_27_x86_64.manylinux_2_28_x86_64.whl", hash = "sha256:0847a763afefb695bc912d7c131e7e0632d4edc1d8698f58ddabec8e46b8b6d3", size = 6937129, upload-time = "2026-07-01T11:54:38.216Z" },
    { url = "https://files.pythonhosted.org/packages/70/4d/105627a13300c5e0df1d174230b32fd1273062c96f7745fd552b945d1e1d/pillow-12.3.0-cp313-cp313-musllinux_1_2_aarch64.whl", hash = "sha256:571b9fcb07b97ef3a492028fb3d2dc0993ca23a06138b0315286566d29ef718a", size = 6339562, upload-time = "2026-07-01T11:54:40.354Z" },
    { url = "https://files.pythonhosted.org/packages/6b/1d/f13de01a553988ab895ba1c722e06cf3144d4f57656fd5b81b6d881f1179/pillow-12.3.0-cp313-cp313-musllinux_1_2_x86_64.whl", hash = "sha256:756c768d0c9c2955feb7a56c37ea24aea2e369f8d36a88da270b6a9f19e62b5e", size = 7049439, upload-time = "2026-07-01T11:54:42.489Z" },
    { url = "https://files.pythonhosted.org/packages/c9/f9/066794cca041b969964f779ee5fa66a9498bbf34248ac39c5d7954e4198f/pillow-12.3.0-cp313-cp313-win32.whl", hash = "sha256:a876864214e136f0eb367788dbd7df045f4806801518e2cfe9e13229cfe06d8f", size = 6473287, upload-time = "2026-07-01T11:54:44.9Z" },
    { url = "https://files.pythonhosted.org/packages/a6/9b/7a58e61d62be561da3a356fe2384d4059a6345fc130e23ef1c36a5b81d24/pillow-12.3.0-cp313-cp313-win_amd64.whl", hash = "sha256:1cca606cd25738df4ed873d5ad46bbdb3d83b5cbca291f6b4ff13a4df6b0bbe8", size = 7239691, upload-time = "2026-07-01T11:54:47.141Z" },
    { url = "https://files.pythonhosted.org/packages/aa/b0/c4ed4f0ef8f8fa5ee8351537db6650bb8189f7e118842978dd6589065692/pillow-12.3.0-cp313-cp313-win_arm64.whl", hash = "sha256:b629de27fda84b42cde7edef0d85f13b958b47f6e9bbcbba9b673c562a89bd8b", size = 2568185, upload-time = "2026-07-01T11:54:49.137Z" },
    { url = "https://files.pythonhosted.org/packages/dc/01/001f65b68192f0228cc1dbbc8d2530ab5d58b61037ba0587f946fea607cd/pillow-12.3.0-cp314-cp314-ios_13_0_arm64_iphoneos.whl", hash = "sha256:9cf95fe4d0f84c82d282745d9bb08ad9f926efa00be4697e767b814ce40d4330", size = 4161736, upload-time = "2026-07-01T11:54:51.156Z" },
    { url = "https://files.pythonhosted.org/packages/1a/d2/0219746d0fd16fc8a84498e79452375be3797d3ce4044596ce565164b84f/pillow-12.3.0-cp314-cp314-ios_13_0_arm64_iphonesimulator.whl", hash = "sha256:8728f216dcdb6e6d555cf971cb34076139ad74b31fc2c14da4fafc741c5f6217", size = 4255435, upload-time = "2026-07-01T11:54:53.414Z" },
    { url = "https://files.pythonhosted.org/packages/c8/02/8d0bc62ef0302318c46ff2a512822d2610e81c7aa46c9b3abe6cbaca5ad0/pillow-12.3.0-cp314-cp314-ios_13_0_x86_64_iphonesimulator.whl", hash = "sha256:a45650e8ce7fafffd731db8550230db6b0d306d181a90b67d3e6bca2f1990930", size = 3696262, upload-time = "2026-07-01T11:54:55.739Z" },
    { url = "https://files.pythonhosted.org/packages/85/e2/73c77d218410b14f5f2d565e8a998d5317b7b9c75368d29985139f7a46f0/pillow-12.3.0-cp314-cp314-macosx_10_15_x86_64.whl", hash = "sha256:ba54cfebe86920a559a7c4d6b9050791c20513650a1952ebe3368c7dc70306f8", size = 5350344, upload-time = "2026-07-01T11:54:57.657Z" },
    { url = "https://files.pythonhosted.org/packages/c7/da/32c752228ae345f489e3a42499d817b6c3996da7e8a3bc7a04fc806b243b/pillow-12.3.0-cp314-cp314-macosx_11_0_arm64.whl", hash = "sha256:e158cb00350dc278f3b91551101aa7d12415a66ebf2c91d8d5ac14e56ddd3ad0", size = 4780131, upload-time = "2026-07-01T11:54:59.713Z" },
    { url = "https://files.pythonhosted.org/packages/b1/9d/8b2c807dbef61a5197c047afe99823787eb66f63daf9fb2432f91d6f0462/pillow-12.3.0-cp314-cp314-manylinux_2_27_aarch64.manylinux_2_28_aarch64.whl", hash = "sha256:e9aeb04d6aef139de265b29683e119b638208f88cf73cdd1658aa07221165321", size = 6263757, upload-time = "2026-07-01T11:55:01.778Z" },
    { url = "https://files.pythonhosted.org/packages/5c/44/c85361f65dbe00eea8576ee467c768d25129989efb76e94f205e9ca9bb46/pillow-12.3.0-cp314-cp314-manylinux_2_27_x86_64.manylinux_2_28_x86_64.whl", hash = "sha256:251bf95b67017e27b13d82f5b326234ca62d70f9cf4c2b9032de2358a3b12c7b", size = 6936962, upload-time = "2026-07-01T11:55:03.93Z" },
    { url = "https://files.pythonhosted.org/packages/18/7e/e483414b35800b86b6f08dbbc7803fb5cd52c4d6f897f47d53ea2c7e6f65/pillow-12.3.0-cp314-cp314-musllinux_1_2_aarch64.whl", hash = "sha256:fe3cca2e4e8a592be0f269a1ca4835c25199d9f3ce815c8491048f785b0a0198", size = 6339171, upload-time = "2026-07-01T11:55:05.989Z" },
    { url = "https://files.pythonhosted.org/packages/f0/f4/68c491844841ede6bed70189546b3ee9731cf9f2cbad396faff5e1ccba45/pillow-12.3.0-cp314-cp314-musllinux_1_2_x86_64.whl", hash = "sha256:23aceaa007d6172b02c277f0cd359c79492bbb14f7072b4ede9fbcaf20648130", size = 7048116, upload-time = "2026-07-01T11:55:08.131Z" },
    { url = "https://files.pythonhosted.org/packages/a3/34/77f3f793fed8efc7d243f21b33c5a3f0d1c97ee70346d3db855587e155ff/pillow-12.3.0-cp314-cp314-win32.whl", hash = "sha256:af8d94b0db561cf68b88a267c5c44b49e134f525d0dc2cb7ed413a66bc23559a", size = 6467209, upload-time = "2026-07-01T11:55:10.408Z" },
    { url = "https://files.pythonhosted.org/packages/f1/e0/492879f69d94f91f60fc8cd05ba03650e9520afebb2fb7aa12777d7c7f38/pillow-12.3.0-cp314-cp314-win_amd64.whl", hash = "sha256:fdafc9cce40277e0f7a0feabce0ee50dd2fa1800f3b38015e51296b5e814048d", size = 7237707, upload-time = "2026-07-01T11:55:12.745Z" },
    { url = "https://files.pythonhosted.org/packages/c9/ac/6b11f2875f1c2ac040d84e1bbf9cf22a88038f901ca1037898b280b38365/pillow-12.3.0-cp314-cp314-win_arm64.whl", hash = "sha256:e91206ee562682b51b98ef4b26a6ef48fd84e15fd4c4bc5ec768eb641d206838", size = 2565995, upload-time = "2026-07-01T11:55:14.736Z" },
    { url = "https://files.pythonhosted.org/packages/52/69/c2208e56af9bfc1913afb24020297a691eb1d4ef688474c8a04913f65e04/pillow-12.3.0-cp314-cp314t-macosx_10_15_x86_64.whl", hash = "sha256:164b31cd1a0490ab6efae01aa5df49da7061be0af1b30e035b6e9a1bfe34ee6e", size = 5352503, upload-time = "2026-07-01T11:55:17.076Z" },
    { url = "https://files.pythonhosted.org/packages/07/70/e5686d753e898a45d778ff1718dba8516ead6ab6b95d85fc8c4b70650cf2/pillow-12.3.0-cp314-cp314t-macosx_11_0_arm64.whl", hash = "sha256:5afb51d599ea772b8365ae807ae557f18bccfe46ab261fd1c2a9ed700fc6eb17", size = 4782956, upload-time = "2026-07-01T11:55:19.448Z" },
    { url = "https://files.pythonhosted.org/packages/d5/37/25c6692f06927ee973ff18c8d9ee98ad0b4d84ee67a09610c2dd1447958e/pillow-12.3.0-cp314-cp314t-manylinux_2_27_aarch64.manylinux_2_28_aarch64.whl", hash = "sha256:3edce1d53195db527e0191f84b71d02022de0540bf43a16ed734ed7537b07385", size = 6322855, upload-time = "2026-07-01T11:55:21.613Z" },
    { url = "https://files.pythonhosted.org/packages/cc/91/420637fcb8f1bc11029e403b4538e6694744428d8246118e45719f944556/pillow-12.3.0-cp314-cp314t-manylinux_2_27_x86_64.manylinux_2_28_x86_64.whl", hash = "sha256:bf16ba1b4d0b6b7c8e534936632270cf70eb00dbe09005bc345b2677b726855c", size = 6989642, upload-time = "2026-07-01T11:55:24.006Z" },
    { url = "https://files.pythonhosted.org/packages/10/08/b94d7811281ccf0d143a1cf768d1c49e1e54af63e7b708ab2ee3eb87face/pillow-12.3.0-cp314-cp314t-musllinux_1_2_aarch64.whl", hash = "sha256:24870b09b224f7ae3c39ed07d10e819d06f8720bc551847b1d623832b5b0e28d", size = 6391281, upload-time = "2026-07-01T11:55:26.252Z" },
    { url = "https://files.pythonhosted.org/packages/d2/87/24233f785f55474dc02ce3e739c5528a77e3a862e9333d1dd7a25cc31f70/pillow-12.3.0-cp314-cp314t-musllinux_1_2_x86_64.whl", hash = "sha256:30f2aa603c41533cc25c05acd0da21636e84a315768feb631c937177db558931", size = 7096716, upload-time = "2026-07-01T11:55:28.318Z" },
    { url = "https://files.pythonhosted.org/packages/23/26/fcb2f6e37175b04f53570b59937867e2b80ee1685e744023153028fc14f9/pillow-12.3.0-cp314-cp314t-win32.whl", hash = "sha256:4b0a7fe987b14c31ebda6083f74f22b561fd3739bc0ac51e019622e3d72668c7", size = 6474125, upload-time = "2026-07-01T11:55:30.956Z" },
    { url = "https://files.pythonhosted.org/packages/90/de/3634abee5f1c9e13c56787b7d5517b0ba8d6de51700b95578cf338349c9f/pillow-12.3.0-cp314-cp314t-win_amd64.whl", hash = "sha256:962864dc93511324d51ddbb5b9f8731bf71675b93ca612a07441896f4688fb8c", size = 7242939, upload-time = "2026-07-01T11:55:34.044Z" },
    { url = "https://files.pythonhosted.org/packages/ce/2a/fd13f8eb24de5714a6eb444a3d67e2842c6c576e159a43793adf23051351/pillow-12.3.0-cp314-cp314t-win_arm64.whl", hash = "sha256:0740a512dc522224c77d9aa5a8d70d8b7d73fb91f2c21125d8d025d3b8990e45", size = 2567506, upload-time = "2026-07-01T11:55:35.988Z" },
    { url = "https://files.pythonhosted.org/packages/5d/dc/8fdce34ec725a33c81c6ba122b904d6b9024e50ea9ac7bede62fab54506c/pillow-12.3.0-cp315-cp315-ios_13_0_arm64_iphoneos.whl", hash = "sha256:0feb2e9d6ad6c9e3c06effe9d00f3f1e618a6643273576b016f591e9315a7139", size = 4162063, upload-time = "2026-07-01T11:55:37.941Z" },
    { url = "https://files.pythonhosted.org/packages/76/66/2044b9a63d3b84ff048228dfcb7cd9bf0df983e8470971bf7d4c57b693de/pillow-12.3.0-cp315-cp315-ios_13_0_arm64_iphonesimulator.whl", hash = "sha256:9e881fca225083806662a5c43d627d215f258ff43c890f831966c7d7ba9c7402", size = 4255549, upload-time = "2026-07-01T11:55:40.022Z" },
    { url = "https://files.pythonhosted.org/packages/52/7e/1f67e6f4ece6b582ee4b539decbcc9f848dc245a93ed8cd7338bafef72f1/pillow-12.3.0-cp315-cp315-ios_13_0_x86_64_iphonesimulator.whl", hash = "sha256:4998562bf62a445225f22e07c896bb04b35b1b1f2eb6d760584c9c51d7a5f78c", size = 3696331, upload-time = "2026-07-01T11:55:41.98Z" },
    { url = "https://files.pythonhosted.org/packages/12/40/d306fc2c8e4d45d7f175c77edca7063be7b86fe7fe6e68f4353bf71d808c/pillow-12.3.0-cp315-cp315-macosx_10_15_x86_64.whl", hash = "sha256:dc624f6bc473dacdf7ef7eb8678d0d08edf15cd94fad6ae5c7d6cc67a4e4902f", size = 5350370, upload-time = "2026-07-01T11:55:44.028Z" },
    { url = "https://files.pythonhosted.org/packages/dd/44/668fb1437e8ce420f62d6106eb66e44a5971602a4d794615bdf79315d82d/pillow-12.3.0-cp315-cp315-macosx_11_0_arm64.whl", hash = "sha256:71d6097b330eea8fd15097780c8e89cb1a8ce7838669f48c5bacd6f663dd4701", size = 4780147, upload-time = "2026-07-01T11:55:46.073Z" },
    { url = "https://files.pythonhosted.org/packages/0c/08/93fa2e70e30a2d81547e481b6ee2bb9522117221fb1e0ce4b5df70967677/pillow-12.3.0-cp315-cp315-manylinux_2_27_aarch64.manylinux_2_28_aarch64.whl", hash = "sha256:28ce87c5ab450a9dd970b52e5aca5fe63ed432d18a2eaddd1979a00a1ba24ace", size = 6273659, upload-time = "2026-07-01T11:55:48.264Z" },
    { url = "https://files.pythonhosted.org/packages/f8/6d/043e96ff814fc31a33077e4cba86082167db520c93632afdf2042febbb0c/pillow-12.3.0-cp315-cp315-manylinux_2_27_x86_64.manylinux_2_28_x86_64.whl", hash = "sha256:6b02afb9b97f65fbca5f31db6a2a3ba21aa93030225f150fa3f249717e938fb4", size = 6947439, upload-time = "2026-07-01T11:55:50.503Z" },
    { url = "https://files.pythonhosted.org/packages/af/92/ba71d2ee2ac0edf3fa33bd9d5ee9ee080da70b1766f3ca3934f9938ddac9/pillow-12.3.0-cp315-cp315-musllinux_1_2_aarch64.whl", hash = "sha256:1182d52bc2d5e5d7d0949503aa7e36d12f42205dc287e4883f407b1988820d39", size = 6353577, upload-time = "2026-07-01T11:55:52.697Z" },
    { url = "https://files.pythonhosted.org/packages/0f/ce/e63064e2122923ff687c8ad792d0d736a7b3920a56a46982e81a7fdd25d6/pillow-12.3.0-cp315-cp315-musllinux_1_2_x86_64.whl", hash = "sha256:e795b7eb908249c4e43c7c99fac7c2c75dab0c43566e37db472a355f63693d71", size = 7060394, upload-time = "2026-07-01T11:55:55.149Z" },
    { url = "https://files.pythonhosted.org/packages/54/76/a09cc3ccc8d773a7283d34c38bec1708f9e3cc932093cbc4c5e71ac4060b/pillow-12.3.0-cp315-cp315-win32.whl", hash = "sha256:57b3d78c95ba9059768b10e28b813002261d3f3dfc55cc48b0c988f625175827", size = 6467375, upload-time = "2026-07-01T11:55:57.769Z" },
    { url = "https://files.pythonhosted.org/packages/3e/03/1846c49ba3b1d5550392a4bbd06d6fb4578e1cd91a803198b5c90f5f7d53/pillow-12.3.0-cp315-cp315-win_amd64.whl", hash = "sha256:fa4ecea169a355be7a3ade2c783e2ed12f0e40d2c5621cda8b3297faf7fbb9f5", size = 7237048, upload-time = "2026-07-01T11:55:59.975Z" },
    { url = "https://files.pythonhosted.org/packages/fb/bb/89f35dcc79610423f9f195504d7def7f0d1416a711541b42867e25fe3412/pillow-12.3.0-cp315-cp315-win_arm64.whl", hash = "sha256:877c3f311ff35410f690861c4409e7ccbf0cd2f878e50628a28e5a0bb689e658", size = 2566006, upload-time = "2026-07-01T11:56:02.143Z" },
    { url = "https://files.pythonhosted.org/packages/30/88/707027ba09942dfa2c28759b5c222d769290a41c6d20ea60ec250801941f/pillow-12.3.0-cp315-cp315t-macosx_10_15_x86_64.whl", hash = "sha256:e9871b1ffbfa9656b60aeee92ed5136a5742696006fa322b29ea3d8da0ecc9cf", size = 5352509, upload-time = "2026-07-01T11:56:04.2Z" },
    { url = "https://files.pythonhosted.org/packages/b0/6d/00352fa25332c2569cd387851f568cc5a4b75a9adbfb37ac4fbce4c02eec/pillow-12.3.0-cp315-cp315t-macosx_11_0_arm64.whl", hash = "sha256:53aa02d20d10c3d814d536aa4e5ac9b84ca0ff5a88377963b085ad6822f93e64", size = 4783167, upload-time = "2026-07-01T11:56:06.631Z" },
    { url = "https://files.pythonhosted.org/packages/13/4f/9e049dfa21af7c22427275720e2490267ba8138120add5c4c574deb69782/pillow-12.3.0-cp315-cp315t-manylinux_2_27_aarch64.manylinux_2_28_aarch64.whl", hash = "sha256:446c34dcc4324b084a53b705127dc15717b22c5e140ae0a3c38349d4efec071e", size = 6329237, upload-time = "2026-07-01T11:56:08.868Z" },
    { url = "https://files.pythonhosted.org/packages/36/16/cf6eeaae8d0fce8dd390a33437cf68c5d5bd73834a2bc6e2f14efda0ab45/pillow-12.3.0-cp315-cp315t-manylinux_2_27_x86_64.manylinux_2_28_x86_64.whl", hash = "sha256:cf1845d02ad822a369a49f2bb9345b1614744267682e7a03527dc3bf6eea1777", size = 6997047, upload-time = "2026-07-01T11:56:11.379Z" },
    { url = "https://files.pythonhosted.org/packages/1e/69/dbf769bdd55f48bf5733cac28edc6364ffaa072ec9ba336266e4fe66be55/pillow-12.3.0-cp315-cp315t-musllinux_1_2_aarch64.whl", hash = "sha256:186941b6aef820ad110fb01fb06eb925374dc3a21b17e37ec9a53b250c6fe2d1", size = 6400440, upload-time = "2026-07-01T11:56:13.908Z" },
    { url = "https://files.pythonhosted.org/packages/a0/e1/ffc9cfc2eea0d178da8018e18e959301ad9d6bc9f3edb7181e748a474b97/pillow-12.3.0-cp315-cp315t-musllinux_1_2_x86_64.whl", hash = "sha256:f13c32a3abd6079a66d9526e18dad9b6d280384d49d7c54040cd57b6424041d9", size = 7105895, upload-time = "2026-07-01T11:56:16.575Z" },
    { url = "https://files.pythonhosted.org/packages/18/f0/a5595c1e8c3ae44b9828cb2f0fa8155e5095ef04d6327b8f61cf44a3df85/pillow-12.3.0-cp315-cp315t-win32.whl", hash = "sha256:1657923d2d45afb66526e5b933e5b3052e6bdea196c90d3abb2424e18c77dae8", size = 6474384, upload-time = "2026-07-01T11:56:18.855Z" },
    { url = "https://files.pythonhosted.org/packages/e4/04/62bcd9f844984c5938d3b05264a61d797a29d3e0812341a8204af70bbdee/pillow-12.3.0-cp315-cp315t-win_amd64.whl", hash = "sha256:8cd2f7bdda092d99c9fc2fb7391354f306d01443d22785d0cbfafa2e2c8bb418", size = 7243537, upload-time = "2026-07-01T11:56:21.214Z" },
    { url = "https://files.pythonhosted.org/packages/3d/68/1f3066acedf37673694a7141381d8f811ae97f30d34413d236abe7d489f1/pillow-12.3.0-cp315-cp315t-win_arm64.whl", hash = "sha256:06ff022112bc9cbf83b60f8e028d94ad87b60621706487e65f673de61610ab59", size = 2567491, upload-time = "2026-07-01T11:56:23.506Z" },
    { url = "https://files.pythonhosted.org/packages/75/18/2e8b40223153ccbc60df07f9e8928dc0c76202aa4e55ae9f53962b6510d6/pillow-12.3.0-pp311-pypy311_pp73-macosx_10_15_x86_64.whl", hash = "sha256:b3c777e849237620b022f7f297dd67705f9f5cf1685f09f02e46f93e92725468", size = 5302510, upload-time = "2026-07-01T11:56:25.736Z" },
    { url = "https://files.pythonhosted.org/packages/46/3e/51fabf59d5ab801ceab709453d3ab6b180083496579549de4c45ced6528a/pillow-12.3.0-pp311-pypy311_pp73-macosx_11_0_arm64.whl", hash = "sha256:b343699e8308bdc51978310e1c959c584e7869cc8c40780058c87da7781a1e94", size = 4736058, upload-time = "2026-07-01T11:56:28.041Z" },
    { url = "https://files.pythonhosted.org/packages/bf/20/22fe9384b7949e25fb1293bcfc84fb82590ff4ea6b37c95b24d26d793d86/pillow-12.3.0-pp311-pypy311_pp73-manylinux_2_27_aarch64.manylinux_2_28_aarch64.whl", hash = "sha256:fbd139c8447d25dd750ab79ee274cc5e1fe80fc56340ab10b18a195e1b6eca3e", size = 5237776, upload-time = "2026-07-01T11:56:30.263Z" },
    { url = "https://files.pythonhosted.org/packages/08/14/f6ba68107680ffa74b39985f3f30884e41318fbc4250caa423c79b4788bb/pillow-12.3.0-pp311-pypy311_pp73-manylinux_2_27_x86_64.manylinux_2_28_x86_64.whl", hash = "sha256:e7e480451b9fa137494bccd3a7d69adbe8ac65a87d97be61e11f1b1050a5bac3", size = 5860358, upload-time = "2026-07-01T11:56:32.68Z" },
    { url = "https://files.pythonhosted.org/packages/36/54/0169bc772ec491108b62f644f8ecf1fe5d8ae5ebafde2ee2142210166903/pillow-12.3.0-pp311-pypy311_pp73-win_amd64.whl", hash = "sha256:04f01d28a6aaff387bf842a13be313df23ba0597a44f1a976c9feb3c6ff4711a", size = 7231786, upload-time = "2026-07-01T11:56:35.046Z" },
]

[[package]]
name = "shrinko"
version = "1.2.7.2"
source = { git = "https://github.com/thisismypassport/shrinko8?rev=15eb9ce5134ff1e915fedc237cb426e73ff80b9e#15eb9ce5134ff1e915fedc237cb426e73ff80b9e" }
dependencies = [
    { name = "lupaz8" },
    { name = "pillow" },
]
